
Microsoft Visual Studio Solution File, Format Version 12.00
# Visual Studio Version 17
VisualStudioVersion = 17.2.32526.322
MinimumVisualStudioVersion = 10.0.40219.1
Project("{FAE04EC0-301F-11D3-BF4B-00C04F79EFBC}") = "Bridge", "Bridge\Bridge.csproj", "{3605148D-5BAE-4A7D-A266-A07BD8CEA5DA}"
EndProject
Global
	GlobalSection(SolutionConfigurationPlatforms) = preSolution
		Debug|Any CPU = Debug|Any CPU
		Release|Any CPU = Release|Any CPU
	EndGlobalSection
	GlobalSection(ProjectConfigurationPlatforms) = postSolution
		{3605148D-5BAE-4A7D-A266-A07BD8CEA5DA}.Debug|Any CPU.ActiveCfg = Debug|Any CPU
		{3605148D-5BAE-4A7D-A266-A07BD8CEA5DA}.Debug|Any CPU.Build.0 = Debug|Any CPU
		{3605148D-5BAE-4A7D-A266-A07BD8CEA5DA}.Release|Any CPU.ActiveCfg = Release|Any CPU
		{3605148D-5BAE-4A7D-A266-A07BD8CEA5DA}.Release|Any CPU.Build.0 = Release|Any CPU
	EndGlobalSection
	GlobalSection(SolutionProperties) = preSolution
		HideSolutionNode = FALSE
	EndGlobalSection
	GlobalSection(ExtensibilityGlobals) = postSolution
		SolutionGuid = {939E0373-F273-4B24-8501-323C4FAB0D58}
	EndGlobalSection
EndGlobal
